
Microsoft Visual Studio Solution File, Format Version 12.00
# Visual Studio Version 17
VisualStudioVersion = 17.0.32112.339
MinimumVisualStudioVersion = 10.0.40219.1
Project("{9A19103F-16F7-4668-BE54-9A1E7A4F7556}") = "TwitterAPI.DataPullingService", "WorkerService\TwitterAPI.DataPullingService.csproj", "{801546B0-C2DA-4F6E-9EAE-61F62085A381}"
EndProject
Project("{2150E333-8FDC-42A3-9474-1A3956D46DE8}") = "Layers", "Layers", "{D3203AE5-9E49-436B-82F9-92BDABA037D3}"
EndProject
Project("{2150E333-8FDC-42A3-9474-1A3956D46DE8}") = "1-EntryPoints", "1-EntryPoints", "{9F9A7A21-E793-4CFF-8C69-93434751822A}"
EndProject
Project("{2150E333-8FDC-42A3-9474-1A3956D46DE8}") = "1.1-DataPulling", "1.1-DataPulling", "{9E03C5A1-44CF-4833-9FAA-D313CFC4AE20}"
EndProject
Project("{2150E333-8FDC-42A3-9474-1A3956D46DE8}") = "1.2-Presentation", "1.2-Presentation", "{2008B9CA-0EBF-41B6-A55E-F701DFEC827D}"
EndProject
Project("{2150E333-8FDC-42A3-9474-1A3956D46DE8}") = "1.3-API", "1.3-API", "{A136538D-1F54-46CA-B209-2F46D5A66739}"
EndProject
Project("{9A19103F-16F7-4668-BE54-9A1E7A4F7556}") = "TwitterAPI.WebAPI", "TwitterAPI.WebAPI\TwitterAPI.WebAPI.csproj", "{6E051EF2-6FE4-46E5-A31F-A92A824C3DB8}"
EndProject
Project("{2150E333-8FDC-42A3-9474-1A3956D46DE8}") = "2-Application", "2-Application", "{E0D4CE47-E499-4DF6-8B25-A2AE1B5D18EF}"
EndProject
Project("{2150E333-8FDC-42A3-9474-1A3956D46DE8}") = "2.1-QueueProcessor", "2.1-QueueProcessor", "{679286F7-27D2-4A5F-AC64-4B4ACBC04A06}"
EndProject
Project("{2150E333-8FDC-42A3-9474-1A3956D46DE8}") = "2.2-Application", "2.2-Application", "{C1981F8F-6209-4E21-970D-21698CA8556A}"
EndProject
Project("{2150E333-8FDC-42A3-9474-1A3956D46DE8}") = "Solution Items", "Solution Items", "{4D3B1936-1919-4D02-891D-A67EAFE0E063}"
	ProjectSection(SolutionItems) = preProject
		2022-10-19_23-56-03.jpg = 2022-10-19_23-56-03.jpg
		2022-10-19_23-56-18.jpg = 2022-10-19_23-56-18.jpg
		2022-10-20_0-00-44.jpg = 2022-10-20_0-00-44.jpg
		2022-10-20_0-07-45.jpg = 2022-10-20_0-07-45.jpg
		README.md = README.md
		TwitterAPIDiagram.png = TwitterAPIDiagram.png
	EndProjectSection
EndProject
Project("{2150E333-8FDC-42A3-9474-1A3956D46DE8}") = "3-Domain", "3-Domain", "{C4B9C3EE-965F-4A18-8FA2-88B182776D97}"
EndProject
Project("{2150E333-8FDC-42A3-9474-1A3956D46DE8}") = "3.1-Domain", "3.1-Domain", "{AB5EE409-903F-49CF-9EA4-18532D84BA8E}"
EndProject
Project("{2150E333-8FDC-42A3-9474-1A3956D46DE8}") = "4-Data", "4-Data", "{BC779E22-632E-4A87-807C-90C154A4FFB9}"
EndProject
Project("{2150E333-8FDC-42A3-9474-1A3956D46DE8}") = "4.1-Data", "4.1-Data", "{BC848D03-71D3-4B46-AE8B-41CAD2B0258A}"
EndProject
Project("{9A19103F-16F7-4668-BE54-9A1E7A4F7556}") = "TwitterAPI.Application", "TwitterAPI.Application\TwitterAPI.Application.csproj", "{C0DD31D1-AAE7-4BF9-9CD9-13139791E03B}"
EndProject
Project("{9A19103F-16F7-4668-BE54-9A1E7A4F7556}") = "TwitterAPI.Data", "TwitterAPI.Data\TwitterAPI.Data.csproj", "{B9DA5276-FBEC-4ACC-BBEF-01936B027637}"
EndProject
Project("{9A19103F-16F7-4668-BE54-9A1E7A4F7556}") = "TwitterAPI.Domain", "TwitterAPI.Model\TwitterAPI.Domain.csproj", "{77077DCB-CBC8-4443-A857-28D90CCDC345}"
EndProject
Project("{2150E333-8FDC-42A3-9474-1A3956D46DE8}") = "2.3-Twitter", "2.3-Twitter", "{5DAB2BB1-7904-4321-9608-E6B5CF739E71}"
EndProject
Project("{9A19103F-16F7-4668-BE54-9A1E7A4F7556}") = "TwitterAPI.TwiterCore", "TwitterAPI.TwiterCore\TwitterAPI.TwiterCore.csproj", "{CC21430B-178E-4B45-B8EF-05A96E94D3C6}"
EndProject
Project("{2150E333-8FDC-42A3-9474-1A3956D46DE8}") = "TwitterAPIv2-PostmanCollection", "TwitterAPIv2-PostmanCollection", "{245A7AD2-BCF2-4CF7-9C29-C4B853B5B78A}"
EndProject
Project("{9A19103F-16F7-4668-BE54-9A1E7A4F7556}") = "TwitterAPI.WebApp", "TwitterAPI.WebApp\TwitterAPI.WebApp.csproj", "{457D03A3-E5BA-4926-A1F4-74390769E3E0}"
EndProject
Global
	GlobalSection(SolutionConfigurationPlatforms) = preSolution
		Debug|Any CPU = Debug|Any CPU
		Release|Any CPU = Release|Any CPU
	EndGlobalSection
	GlobalSection(ProjectConfigurationPlatforms) = postSolution
		{801546B0-C2DA-4F6E-9EAE-61F62085A381}.Debug|Any CPU.ActiveCfg = Debug|Any CPU
		{801546B0-C2DA-4F6E-9EAE-61F62085A381}.Debug|Any CPU.Build.0 = Debug|Any CPU
		{801546B0-C2DA-4F6E-9EAE-61F62085A381}.Release|Any CPU.ActiveCfg = Release|Any CPU
		{801546B0-C2DA-4F6E-9EAE-61F62085A381}.Release|Any CPU.Build.0 = Release|Any CPU
		{6E051EF2-6FE4-46E5-A31F-A92A824C3DB8}.Debug|Any CPU.ActiveCfg = Debug|Any CPU
		{6E051EF2-6FE4-46E5-A31F-A92A824C3DB8}.Debug|Any CPU.Build.0 = Debug|Any CPU
		{6E051EF2-6FE4-46E5-A31F-A92A824C3DB8}.Release|Any CPU.ActiveCfg = Release|Any CPU
		{6E051EF2-6FE4-46E5-A31F-A92A824C3DB8}.Release|Any CPU.Build.0 = Release|Any CPU
		{C0DD31D1-AAE7-4BF9-9CD9-13139791E03B}.Debug|Any CPU.ActiveCfg = Debug|Any CPU
		{C0DD31D1-AAE7-4BF9-9CD9-13139791E03B}.Debug|Any CPU.Build.0 = Debug|Any CPU
		{C0DD31D1-AAE7-4BF9-9CD9-13139791E03B}.Release|Any CPU.ActiveCfg = Release|Any CPU
		{C0DD31D1-AAE7-4BF9-9CD9-13139791E03B}.Release|Any CPU.Build.0 = Release|Any CPU
		{B9DA5276-FBEC-4ACC-BBEF-01936B027637}.Debug|Any CPU.ActiveCfg = Debug|Any CPU
		{B9DA5276-FBEC-4ACC-BBEF-01936B027637}.Debug|Any CPU.Build.0 = Debug|Any CPU
		{B9DA5276-FBEC-4ACC-BBEF-01936B027637}.Release|Any CPU.ActiveCfg = Release|Any CPU
		{B9DA5276-FBEC-4ACC-BBEF-01936B027637}.Release|Any CPU.Build.0 = Release|Any CPU
		{77077DCB-CBC8-4443-A857-28D90CCDC345}.Debug|Any CPU.ActiveCfg = Debug|Any CPU
		{77077DCB-CBC8-4443-A857-28D90CCDC345}.Debug|Any CPU.Build.0 = Debug|Any CPU
		{77077DCB-CBC8-4443-A857-28D90CCDC345}.Release|Any CPU.ActiveCfg = Release|Any CPU
		{77077DCB-CBC8-4443-A857-28D90CCDC345}.Release|Any CPU.Build.0 = Release|Any CPU
		{CC21430B-178E-4B45-B8EF-05A96E94D3C6}.Debug|Any CPU.ActiveCfg = Debug|Any CPU
		{CC21430B-178E-4B45-B8EF-05A96E94D3C6}.Debug|Any CPU.Build.0 = Debug|Any CPU
		{CC21430B-178E-4B45-B8EF-05A96E94D3C6}.Release|Any CPU.ActiveCfg = Release|Any CPU
		{CC21430B-178E-4B45-B8EF-05A96E94D3C6}.Release|Any CPU.Build.0 = Release|Any CPU
		{457D03A3-E5BA-4926-A1F4-74390769E3E0}.Debug|Any CPU.ActiveCfg = Debug|Any CPU
		{457D03A3-E5BA-4926-A1F4-74390769E3E0}.Debug|Any CPU.Build.0 = Debug|Any CPU
		{457D03A3-E5BA-4926-A1F4-74390769E3E0}.Release|Any CPU.ActiveCfg = Release|Any CPU
		{457D03A3-E5BA-4926-A1F4-74390769E3E0}.Release|Any CPU.Build.0 = Release|Any CPU
	EndGlobalSection
	GlobalSection(SolutionProperties) = preSolution
		HideSolutionNode = FALSE
	EndGlobalSection
	GlobalSection(NestedProjects) = preSolution
		{801546B0-C2DA-4F6E-9EAE-61F62085A381} = {9E03C5A1-44CF-4833-9FAA-D313CFC4AE20}
		{9F9A7A21-E793-4CFF-8C69-93434751822A} = {D3203AE5-9E49-436B-82F9-92BDABA037D3}
		{9E03C5A1-44CF-4833-9FAA-D313CFC4AE20} = {9F9A7A21-E793-4CFF-8C69-93434751822A}
		{2008B9CA-0EBF-41B6-A55E-F701DFEC827D} = {9F9A7A21-E793-4CFF-8C69-93434751822A}
		{A136538D-1F54-46CA-B209-2F46D5A66739} = {9F9A7A21-E793-4CFF-8C69-93434751822A}
		{6E051EF2-6FE4-46E5-A31F-A92A824C3DB8} = {A136538D-1F54-46CA-B209-2F46D5A66739}
		{E0D4CE47-E499-4DF6-8B25-A2AE1B5D18EF} = {D3203AE5-9E49-436B-82F9-92BDABA037D3}
		{679286F7-27D2-4A5F-AC64-4B4ACBC04A06} = {E0D4CE47-E499-4DF6-8B25-A2AE1B5D18EF}
		{C1981F8F-6209-4E21-970D-21698CA8556A} = {E0D4CE47-E499-4DF6-8B25-A2AE1B5D18EF}
		{C4B9C3EE-965F-4A18-8FA2-88B182776D97} = {D3203AE5-9E49-436B-82F9-92BDABA037D3}
		{AB5EE409-903F-49CF-9EA4-18532D84BA8E} = {C4B9C3EE-965F-4A18-8FA2-88B182776D97}
		{BC779E22-632E-4A87-807C-90C154A4FFB9} = {D3203AE5-9E49-436B-82F9-92BDABA037D3}
		{BC848D03-71D3-4B46-AE8B-41CAD2B0258A} = {BC779E22-632E-4A87-807C-90C154A4FFB9}
		{C0DD31D1-AAE7-4BF9-9CD9-13139791E03B} = {C1981F8F-6209-4E21-970D-21698CA8556A}
		{B9DA5276-FBEC-4ACC-BBEF-01936B027637} = {BC848D03-71D3-4B46-AE8B-41CAD2B0258A}
		{77077DCB-CBC8-4443-A857-28D90CCDC345} = {AB5EE409-903F-49CF-9EA4-18532D84BA8E}
		{5DAB2BB1-7904-4321-9608-E6B5CF739E71} = {E0D4CE47-E499-4DF6-8B25-A2AE1B5D18EF}
		{CC21430B-178E-4B45-B8EF-05A96E94D3C6} = {5DAB2BB1-7904-4321-9608-E6B5CF739E71}
		{245A7AD2-BCF2-4CF7-9C29-C4B853B5B78A} = {4D3B1936-1919-4D02-891D-A67EAFE0E063}
		{457D03A3-E5BA-4926-A1F4-74390769E3E0} = {2008B9CA-0EBF-41B6-A55E-F701DFEC827D}
	EndGlobalSection
	GlobalSection(ExtensibilityGlobals) = postSolution
		SolutionGuid = {0A5788FC-1973-47F5-803C-9007DB2D0256}
	EndGlobalSection
EndGlobal
